
Microsoft Visual Studio Solution File, Format Version 12.00
# Visual Studio 2012
Project("{FAE04EC0-301F-11D3-BF4B-00C04F79EFBC}") = "SearchAppsGallery1", "SearchAppsGallery1\SearchAppsGallery1.csproj", "{FAC85FFD-F08C-4EAA-8461-6BBA8CBD86A9}"
EndProject
Global
	GlobalSection(SolutionConfigurationPlatforms) = preSolution
		Debug|Any CPU = Debug|Any CPU
		Release|Any CPU = Release|Any CPU
	EndGlobalSection
	GlobalSection(ProjectConfigurationPlatforms) = postSolution
		{FAC85FFD-F08C-4EAA-8461-6BBA8CBD86A9}.Debug|Any CPU.ActiveCfg = Debug|Any CPU
		{FAC85FFD-F08C-4EAA-8461-6BBA8CBD86A9}.Debug|Any CPU.Build.0 = Debug|Any CPU
		{FAC85FFD-F08C-4EAA-8461-6BBA8CBD86A9}.Release|Any CPU.ActiveCfg = Release|Any CPU
		{FAC85FFD-F08C-4EAA-8461-6BBA8CBD86A9}.Release|Any CPU.Build.0 = Release|Any CPU
	EndGlobalSection
	GlobalSection(SolutionProperties) = preSolution
		HideSolutionNode = FALSE
	EndGlobalSection
EndGlobal
